{
  "version": 4,
  "terraform_version": "1.15.4",
  "serial": 458,
  "lineage": "65c6125c-5974-a3e4-1298-9bda1fa50198",
  "outputs": {
    "CLIENTE_SSH": {
      "value": "ssh -i clave-rabbitmq-server.pem ec2-user@98.84.170.82",
      "type": "string"
    },
    "RABBITMQ_PANEL_WEB": {
      "value": "http://98.89.40.3:15672 (user: admin / pass: admin123)",
      "type": "string"
    }
  },
  "resources": [
    {
      "mode": "data",
      "type": "aws_ami",
      "name": "amazon_linux",
      "provider": "provider[\"registry.terraform.io/hashicorp/aws\"]",
      "instances": [
        {
          "schema_version": 0,
          "attributes": {
            "allow_unsafe_filter": null,
            "architecture": "x86_64",
            "arn": "arn:aws:ec2:us-east-1::image/ami-0521cb2d60cfbb1a6",
            "block_device_mappings": [
              {
                "device_name": "/dev/xvda",
                "ebs": {
                  "delete_on_termination": "true",
                  "encrypted": "false",
                  "iops": "3000",
                  "snapshot_id": "snap-08bb176df19e6f6ca",
                  "throughput": "125",
                  "volume_initialization_rate": "0",
                  "volume_size": "8",
                  "volume_type": "gp3"
                },
                "no_device": "",
                "virtual_name": ""
              }
            ],
            "boot_mode": "uefi-preferred",
            "creation_date": "2026-06-11T21:28:13.000Z",
            "deprecation_time": "2026-09-09T23:00:00.000Z",
            "description": "Amazon Linux 2023 AMI 2023.12.20260611.0 x86_64 HVM kernel-6.1",
            "ena_support": true,
            "executable_users": null,
            "filter": [
              {
                "name": "name",
                "values": [
                  "al2023-ami-2023.*-x86_64"
                ]
              },
              {
                "name": "virtualization-type",
                "values": [
                  "hvm"
                ]
              }
            ],
            "hypervisor": "xen",
            "id": "ami-0521cb2d60cfbb1a6",
            "image_id": "ami-0521cb2d60cfbb1a6",
            "image_location": "amazon/al2023-ami-2023.12.20260611.0-kernel-6.1-x86_64",
            "image_owner_alias": "amazon",
            "image_type": "machine",
            "imds_support": "v2.0",
            "include_deprecated": false,
            "kernel_id": "",
            "last_launched_time": "",
            "most_recent": true,
            "name": "al2023-ami-2023.12.20260611.0-kernel-6.1-x86_64",
            "name_regex": null,
            "owner_id": "137112412989",
            "owners": [
              "amazon"
            ],
            "platform": "",
            "platform_details": "Linux/UNIX",
            "product_codes": [],
            "public": true,
            "ramdisk_id": "",
            "region": "us-east-1",
            "root_device_name": "/dev/xvda",
            "root_device_type": "ebs",
            "root_snapshot_id": "snap-08bb176df19e6f6ca",
            "sriov_net_support": "simple",
            "state": "available",
            "state_reason": {
              "code": "UNSET",
              "message": "UNSET"
            },
            "tags": {},
            "timeouts": null,
            "tpm_support": "",
            "uefi_data": null,
            "usage_operation": "RunInstances",
            "virtualization_type": "hvm"
          },
          "sensitive_attributes": [],
          "identity_schema_version": 0
        }
      ]
    },
    {
      "mode": "managed",
      "type": "aws_instance",
      "name": "client",
      "provider": "provider[\"registry.terraform.io/hashicorp/aws\"]",
      "instances": [
        {
          "schema_version": 2,
          "attributes": {
            "ami": "ami-0521cb2d60cfbb1a6",
            "arn": "arn:aws:ec2:us-east-1:344602101473:instance/i-008c03fe5d392c20f",
            "associate_public_ip_address": true,
            "availability_zone": "us-east-1b",
            "capacity_reservation_specification": [
              {
                "capacity_reservation_preference": "open",
                "capacity_reservation_target": []
              }
            ],
            "cpu_options": [
              {
                "amd_sev_snp": "",
                "core_count": 1,
                "nested_virtualization": "",
                "threads_per_core": 2
              }
            ],
            "credit_specification": [
              {
                "cpu_credits": "unlimited"
              }
            ],
            "disable_api_stop": false,
            "disable_api_termination": false,
            "ebs_block_device": [],
            "ebs_optimized": false,
            "enable_primary_ipv6": null,
            "enclave_options": [
              {
                "enabled": false
              }
            ],
            "ephemeral_block_device": [],
            "force_destroy": false,
            "get_password_data": false,
            "hibernation": false,
            "host_id": "",
            "host_resource_group_arn": null,
            "iam_instance_profile": "",
            "id": "i-008c03fe5d392c20f",
            "instance_initiated_shutdown_behavior": "stop",
            "instance_lifecycle": "",
            "instance_market_options": [],
            "instance_state": "running",
            "instance_type": "t3.micro",
            "ipv6_address_count": 0,
            "ipv6_addresses": [],
            "key_name": "clave-rabbitmq-server",
            "launch_template": [],
            "maintenance_options": [
              {
                "auto_recovery": "default"
              }
            ],
            "metadata_options": [
              {
                "http_endpoint": "enabled",
                "http_protocol_ipv6": "disabled",
                "http_put_response_hop_limit": 2,
                "http_tokens": "required",
                "instance_metadata_tags": "disabled"
              }
            ],
            "monitoring": false,
            "network_interface": [],
            "outpost_arn": "",
            "password_data": "",
            "placement_group": "",
            "placement_group_id": "",
            "placement_partition_number": 0,
            "primary_network_interface": [
              {
                "delete_on_termination": true,
                "network_interface_id": "eni-05bbd158a76c7dbb5"
              }
            ],
            "primary_network_interface_id": "eni-05bbd158a76c7dbb5",
            "private_dns": "ip-172-31-31-159.ec2.internal",
            "private_dns_name_options": [
              {
                "enable_resource_name_dns_a_record": false,
                "enable_resource_name_dns_aaaa_record": false,
                "hostname_type": "ip-name"
              }
            ],
            "private_ip": "172.31.31.159",
            "public_dns": "ec2-98-84-170-82.compute-1.amazonaws.com",
            "public_ip": "98.84.170.82",
            "region": "us-east-1",
            "root_block_device": [
              {
                "delete_on_termination": true,
                "device_name": "/dev/xvda",
                "encrypted": false,
                "iops": 3000,
                "kms_key_id": "",
                "tags": {},
                "tags_all": {},
                "throughput": 125,
                "volume_id": "vol-04ccbebf06f58b548",
                "volume_size": 8,
                "volume_type": "gp3"
              }
            ],
            "secondary_network_interface": [],
            "secondary_private_ips": [],
            "security_groups": [
              "indirect_client_sg"
            ],
            "source_dest_check": true,
            "spot_instance_request_id": "",
            "subnet_id": "subnet-07d6168b5761a8409",
            "tags": {
              "Name": "Client-Indirect"
            },
            "tags_all": {
              "Name": "Client-Indirect"
            },
            "tenancy": "default",
            "timeouts": null,
            "user_data": "#!/bin/bash\n# Límites de red para el cliente\necho \"fs.file-max = 2097152\" \u003e\u003e /etc/sysctl.conf\necho \"net.core.somaxconn = 65535\" \u003e\u003e /etc/sysctl.conf\necho \"net.ipv4.tcp_max_syn_backlog = 65535\" \u003e\u003e /etc/sysctl.conf\necho \"net.ipv4.ip_local_port_range = 1024 65535\" \u003e\u003e /etc/sysctl.conf\nsysctl -p\necho \"* soft nofile 65535\" \u003e\u003e /etc/security/limits.conf\necho \"* hard nofile 65535\" \u003e\u003e /etc/security/limits.conf\n\nwhile pidof dnf \u003e /dev/null; do sleep 5; done\ndnf update -y \u0026\u0026 dnf install -y python3 python3-pip git\n    \ncd /home/ec2-user \ngit clone https://github.com/Waliguren/practica2_sd.git repo\nmv repo/archivosCliente ./\nrm -rf repo\n    \ncd archivosCliente\npython3 -m venv venv \u0026\u0026 venv/bin/pip install pika redis aiohttp uvloop\n    \n# Guardamos las IPs para el cliente y el ulimit automático\necho \"export RABBITMQ_HOST=172.31.29.134\" \u003e\u003e /home/ec2-user/.bashrc\necho \"ulimit -n 65535\" \u003e\u003e /home/ec2-user/.bashrc\n",
            "user_data_base64": null,
            "user_data_replace_on_change": false,
            "volume_tags": null,
            "vpc_security_group_ids": [
              "sg-03a8cb41ed76477b3"
            ]
          },
          "sensitive_attributes": [],
          "identity_schema_version": 0,
          "identity": {
            "account_id": "344602101473",
            "id": "i-008c03fe5d392c20f",
            "region": "us-east-1"
          },
          "private": "eyJlMmJmYjczMC1lY2FhLTExZTYtOGY4OC0zNDM2M2JjN2M0YzAiOnsiY3JlYXRlIjo2MDAwMDAwMDAwMDAsImRlbGV0ZSI6MTIwMDAwMDAwMDAwMCwicmVhZCI6OTAwMDAwMDAwMDAwLCJ1cGRhdGUiOjYwMDAwMDAwMDAwMH0sInNjaGVtYV92ZXJzaW9uIjoiMiJ9",
          "dependencies": [
            "aws_instance.rabbitmq",
            "aws_security_group.client_sg",
            "aws_security_group.rabbitmq_sg",
            "data.aws_ami.amazon_linux"
          ]
        }
      ]
    },
    {
      "mode": "managed",
      "type": "aws_instance",
      "name": "postgres",
      "provider": "provider[\"registry.terraform.io/hashicorp/aws\"]",
      "instances": [
        {
          "schema_version": 2,
          "attributes": {
            "ami": "ami-0521cb2d60cfbb1a6",
            "arn": "arn:aws:ec2:us-east-1:344602101473:instance/i-00b1ae36f0e914ebf",
            "associate_public_ip_address": true,
            "availability_zone": "us-east-1b",
            "capacity_reservation_specification": [
              {
                "capacity_reservation_preference": "open",
                "capacity_reservation_target": []
              }
            ],
            "cpu_options": [
              {
                "amd_sev_snp": "",
                "core_count": 1,
                "nested_virtualization": "",
                "threads_per_core": 2
              }
            ],
            "credit_specification": [
              {
                "cpu_credits": "unlimited"
              }
            ],
            "disable_api_stop": false,
            "disable_api_termination": false,
            "ebs_block_device": [],
            "ebs_optimized": false,
            "enable_primary_ipv6": null,
            "enclave_options": [
              {
                "enabled": false
              }
            ],
            "ephemeral_block_device": [],
            "force_destroy": false,
            "get_password_data": false,
            "hibernation": false,
            "host_id": "",
            "host_resource_group_arn": null,
            "iam_instance_profile": "",
            "id": "i-00b1ae36f0e914ebf",
            "instance_initiated_shutdown_behavior": "stop",
            "instance_lifecycle": "",
            "instance_market_options": [],
            "instance_state": "running",
            "instance_type": "t3.micro",
            "ipv6_address_count": 0,
            "ipv6_addresses": [],
            "key_name": "clave-rabbitmq-server",
            "launch_template": [],
            "maintenance_options": [
              {
                "auto_recovery": "default"
              }
            ],
            "metadata_options": [
              {
                "http_endpoint": "enabled",
                "http_protocol_ipv6": "disabled",
                "http_put_response_hop_limit": 2,
                "http_tokens": "required",
                "instance_metadata_tags": "disabled"
              }
            ],
            "monitoring": false,
            "network_interface": [],
            "outpost_arn": "",
            "password_data": "",
            "placement_group": "",
            "placement_group_id": "",
            "placement_partition_number": 0,
            "primary_network_interface": [
              {
                "delete_on_termination": true,
                "network_interface_id": "eni-0802bf72975906cd9"
              }
            ],
            "primary_network_interface_id": "eni-0802bf72975906cd9",
            "private_dns": "ip-172-31-25-223.ec2.internal",
            "private_dns_name_options": [
              {
                "enable_resource_name_dns_a_record": false,
                "enable_resource_name_dns_aaaa_record": false,
                "hostname_type": "ip-name"
              }
            ],
            "private_ip": "172.31.25.223",
            "public_dns": "ec2-34-207-80-19.compute-1.amazonaws.com",
            "public_ip": "34.207.80.19",
            "region": "us-east-1",
            "root_block_device": [
              {
                "delete_on_termination": true,
                "device_name": "/dev/xvda",
                "encrypted": false,
                "iops": 3000,
                "kms_key_id": "",
                "tags": {},
                "tags_all": {},
                "throughput": 125,
                "volume_id": "vol-024469ebdb8123160",
                "volume_size": 8,
                "volume_type": "gp3"
              }
            ],
            "secondary_network_interface": [],
            "secondary_private_ips": [],
            "security_groups": [
              "indirect_postgres_sg"
            ],
            "source_dest_check": true,
            "spot_instance_request_id": "",
            "subnet_id": "subnet-07d6168b5761a8409",
            "tags": {
              "Name": "Postgres-Indirect"
            },
            "tags_all": {
              "Name": "Postgres-Indirect"
            },
            "tenancy": "default",
            "timeouts": null,
            "user_data": "#!/bin/bash\nwhile pidof dnf \u003e /dev/null; do sleep 5; done\ndnf update -y \u0026\u0026 dnf install docker -y\nsystemctl start docker \u0026\u0026 systemctl enable docker\ndocker run -d --name mi-postgres --restart unless-stopped -e POSTGRES_USER=admin -e POSTGRES_PASSWORD=admin123 -e POSTGRES_DB=ticketdb -p 5432:5432 postgres:latest\n    \nwhile pidof dnf \u003e /dev/null; do sleep 5; done\ndnf update -y \u0026\u0026 dnf install -y python3 python3-pip git\n    \ncd /home/ec2-user \ngit clone https://github.com/Waliguren/practica2_sd.git repo\nmv repo/archivosPostgres ./\nrm -rf repo\n\ncd /home/ec2-user/archivosPostgres\n    \n# Crear entorno virtual e instalar el conector de PostgreSQL\npython3 -m venv venv\nvenv/bin/pip install psycopg2-binary\n    \n# Ejecutar el script para crear las tablas y datos iniciales\nvenv/bin/python init_db.py\n",
            "user_data_base64": null,
            "user_data_replace_on_change": false,
            "volume_tags": null,
            "vpc_security_group_ids": [
              "sg-007fb892e5e2fd7c9"
            ]
          },
          "sensitive_attributes": [],
          "identity_schema_version": 0,
          "identity": {
            "account_id": "344602101473",
            "id": "i-00b1ae36f0e914ebf",
            "region": "us-east-1"
          },
          "private": "eyJlMmJmYjczMC1lY2FhLTExZTYtOGY4OC0zNDM2M2JjN2M0YzAiOnsiY3JlYXRlIjo2MDAwMDAwMDAwMDAsImRlbGV0ZSI6MTIwMDAwMDAwMDAwMCwicmVhZCI6OTAwMDAwMDAwMDAwLCJ1cGRhdGUiOjYwMDAwMDAwMDAwMH0sInNjaGVtYV92ZXJzaW9uIjoiMiJ9",
          "dependencies": [
            "aws_security_group.client_sg",
            "aws_security_group.postgres_sg",
            "aws_security_group.worker_sg",
            "data.aws_ami.amazon_linux"
          ]
        }
      ]
    },
    {
      "mode": "managed",
      "type": "aws_instance",
      "name": "rabbitmq",
      "provider": "provider[\"registry.terraform.io/hashicorp/aws\"]",
      "instances": [
        {
          "schema_version": 2,
          "attributes": {
            "ami": "ami-0521cb2d60cfbb1a6",
            "arn": "arn:aws:ec2:us-east-1:344602101473:instance/i-0e349414ab41a4ebb",
            "associate_public_ip_address": true,
            "availability_zone": "us-east-1b",
            "capacity_reservation_specification": [
              {
                "capacity_reservation_preference": "open",
                "capacity_reservation_target": []
              }
            ],
            "cpu_options": [
              {
                "amd_sev_snp": "",
                "core_count": 1,
                "nested_virtualization": "",
                "threads_per_core": 2
              }
            ],
            "credit_specification": [
              {
                "cpu_credits": "unlimited"
              }
            ],
            "disable_api_stop": false,
            "disable_api_termination": false,
            "ebs_block_device": [],
            "ebs_optimized": false,
            "enable_primary_ipv6": null,
            "enclave_options": [
              {
                "enabled": false
              }
            ],
            "ephemeral_block_device": [],
            "force_destroy": false,
            "get_password_data": false,
            "hibernation": false,
            "host_id": "",
            "host_resource_group_arn": null,
            "iam_instance_profile": "",
            "id": "i-0e349414ab41a4ebb",
            "instance_initiated_shutdown_behavior": "stop",
            "instance_lifecycle": "",
            "instance_market_options": [],
            "instance_state": "running",
            "instance_type": "t3.small",
            "ipv6_address_count": 0,
            "ipv6_addresses": [],
            "key_name": "clave-rabbitmq-server",
            "launch_template": [],
            "maintenance_options": [
              {
                "auto_recovery": "default"
              }
            ],
            "metadata_options": [
              {
                "http_endpoint": "enabled",
                "http_protocol_ipv6": "disabled",
                "http_put_response_hop_limit": 2,
                "http_tokens": "required",
                "instance_metadata_tags": "disabled"
              }
            ],
            "monitoring": false,
            "network_interface": [],
            "outpost_arn": "",
            "password_data": "",
            "placement_group": "",
            "placement_group_id": "",
            "placement_partition_number": 0,
            "primary_network_interface": [
              {
                "delete_on_termination": true,
                "network_interface_id": "eni-07d32c2d600b58e28"
              }
            ],
            "primary_network_interface_id": "eni-07d32c2d600b58e28",
            "private_dns": "ip-172-31-29-134.ec2.internal",
            "private_dns_name_options": [
              {
                "enable_resource_name_dns_a_record": false,
                "enable_resource_name_dns_aaaa_record": false,
                "hostname_type": "ip-name"
              }
            ],
            "private_ip": "172.31.29.134",
            "public_dns": "ec2-98-89-40-3.compute-1.amazonaws.com",
            "public_ip": "98.89.40.3",
            "region": "us-east-1",
            "root_block_device": [
              {
                "delete_on_termination": true,
                "device_name": "/dev/xvda",
                "encrypted": false,
                "iops": 3000,
                "kms_key_id": "",
                "tags": {},
                "tags_all": {},
                "throughput": 125,
                "volume_id": "vol-0f4adc6113e90fbf3",
                "volume_size": 8,
                "volume_type": "gp3"
              }
            ],
            "secondary_network_interface": [],
            "secondary_private_ips": [],
            "security_groups": [
              "indirect_rabbitmq_sg"
            ],
            "source_dest_check": true,
            "spot_instance_request_id": "",
            "subnet_id": "subnet-07d6168b5761a8409",
            "tags": {
              "Name": "RabbitMQ-Server"
            },
            "tags_all": {
              "Name": "RabbitMQ-Server"
            },
            "tenancy": "default",
            "timeouts": null,
            "user_data": "#!/bin/bash\n# Límites de Kernel para absorber la cola masiva\necho \"fs.file-max = 2097152\" \u003e\u003e /etc/sysctl.conf\necho \"net.core.somaxconn = 65535\" \u003e\u003e /etc/sysctl.conf\necho \"net.ipv4.tcp_max_syn_backlog = 65535\" \u003e\u003e /etc/sysctl.conf\necho \"net.ipv4.ip_local_port_range = 1024 65535\" \u003e\u003e /etc/sysctl.conf\nsysctl -p\necho \"* soft nofile 65535\" \u003e\u003e /etc/security/limits.conf\necho \"* hard nofile 65535\" \u003e\u003e /etc/security/limits.conf\n\nwhile pidof dnf \u003e /dev/null; do sleep 5; done\ndnf update -y \u0026\u0026 dnf install docker -y\nsystemctl start docker \u0026\u0026 systemctl enable docker\n    \n# Arrancamos RabbitMQ con credenciales personalizadas para evitar el bloqueo remoto de \"guest\"\ndocker run -d --name mi-rabbit --restart unless-stopped --ulimit nofile=65535:65535 -e RABBITMQ_DEFAULT_USER=admin -e RABBITMQ_DEFAULT_PASS=admin123 -p 5672:5672 -p 15672:15672 rabbitmq:3-management\n",
            "user_data_base64": null,
            "user_data_replace_on_change": false,
            "volume_tags": null,
            "vpc_security_group_ids": [
              "sg-053525c7de65a3a73"
            ]
          },
          "sensitive_attributes": [],
          "identity_schema_version": 0,
          "identity": {
            "account_id": "344602101473",
            "id": "i-0e349414ab41a4ebb",
            "region": "us-east-1"
          },
          "private": "eyJlMmJmYjczMC1lY2FhLTExZTYtOGY4OC0zNDM2M2JjN2M0YzAiOnsiY3JlYXRlIjo2MDAwMDAwMDAwMDAsImRlbGV0ZSI6MTIwMDAwMDAwMDAwMCwicmVhZCI6OTAwMDAwMDAwMDAwLCJ1cGRhdGUiOjYwMDAwMDAwMDAwMH0sInNjaGVtYV92ZXJzaW9uIjoiMiJ9",
          "dependencies": [
            "aws_security_group.rabbitmq_sg",
            "data.aws_ami.amazon_linux"
          ]
        }
      ]
    },
    {
      "mode": "managed",
      "type": "aws_instance",
      "name": "worker",
      "provider": "provider[\"registry.terraform.io/hashicorp/aws\"]",
      "instances": [
        {
          "index_key": 0,
          "schema_version": 2,
          "attributes": {
            "ami": "ami-0521cb2d60cfbb1a6",
            "arn": "arn:aws:ec2:us-east-1:344602101473:instance/i-03186540cb9128e81",
            "associate_public_ip_address": true,
            "availability_zone": "us-east-1b",
            "capacity_reservation_specification": [
              {
                "capacity_reservation_preference": "open",
                "capacity_reservation_target": []
              }
            ],
            "cpu_options": [
              {
                "amd_sev_snp": "",
                "core_count": 1,
                "nested_virtualization": "",
                "threads_per_core": 2
              }
            ],
            "credit_specification": [
              {
                "cpu_credits": "unlimited"
              }
            ],
            "disable_api_stop": false,
            "disable_api_termination": false,
            "ebs_block_device": [],
            "ebs_optimized": false,
            "enable_primary_ipv6": null,
            "enclave_options": [
              {
                "enabled": false
              }
            ],
            "ephemeral_block_device": [],
            "force_destroy": false,
            "get_password_data": false,
            "hibernation": false,
            "host_id": "",
            "host_resource_group_arn": null,
            "iam_instance_profile": "",
            "id": "i-03186540cb9128e81",
            "instance_initiated_shutdown_behavior": "stop",
            "instance_lifecycle": "",
            "instance_market_options": [],
            "instance_state": "running",
            "instance_type": "t3.micro",
            "ipv6_address_count": 0,
            "ipv6_addresses": [],
            "key_name": "clave-rabbitmq-server",
            "launch_template": [],
            "maintenance_options": [
              {
                "auto_recovery": "default"
              }
            ],
            "metadata_options": [
              {
                "http_endpoint": "enabled",
                "http_protocol_ipv6": "disabled",
                "http_put_response_hop_limit": 2,
                "http_tokens": "required",
                "instance_metadata_tags": "disabled"
              }
            ],
            "monitoring": false,
            "network_interface": [],
            "outpost_arn": "",
            "password_data": "",
            "placement_group": "",
            "placement_group_id": "",
            "placement_partition_number": 0,
            "primary_network_interface": [
              {
                "delete_on_termination": true,
                "network_interface_id": "eni-0527bcc425053bbce"
              }
            ],
            "primary_network_interface_id": "eni-0527bcc425053bbce",
            "private_dns": "ip-172-31-22-163.ec2.internal",
            "private_dns_name_options": [
              {
                "enable_resource_name_dns_a_record": false,
                "enable_resource_name_dns_aaaa_record": false,
                "hostname_type": "ip-name"
              }
            ],
            "private_ip": "172.31.22.163",
            "public_dns": "ec2-54-147-169-4.compute-1.amazonaws.com",
            "public_ip": "54.147.169.4",
            "region": "us-east-1",
            "root_block_device": [
              {
                "delete_on_termination": true,
                "device_name": "/dev/xvda",
                "encrypted": false,
                "iops": 3000,
                "kms_key_id": "",
                "tags": {},
                "tags_all": {},
                "throughput": 125,
                "volume_id": "vol-0388eeb4514db82b9",
                "volume_size": 8,
                "volume_type": "gp3"
              }
            ],
            "secondary_network_interface": [],
            "secondary_private_ips": [],
            "security_groups": [
              "indirect_worker_sg"
            ],
            "source_dest_check": true,
            "spot_instance_request_id": "",
            "subnet_id": "subnet-07d6168b5761a8409",
            "tags": {
              "Name": "Worker-Indirect-1"
            },
            "tags_all": {
              "Name": "Worker-Indirect-1"
            },
            "tenancy": "default",
            "timeouts": null,
            "user_data": "#!/bin/bash\n# Límites de red para los workers\necho \"fs.file-max = 2097152\" \u003e\u003e /etc/sysctl.conf\necho \"net.core.somaxconn = 65535\" \u003e\u003e /etc/sysctl.conf\necho \"net.ipv4.tcp_max_syn_backlog = 65535\" \u003e\u003e /etc/sysctl.conf\necho \"net.ipv4.ip_local_port_range = 1024 65535\" \u003e\u003e /etc/sysctl.conf\nsysctl -p\necho \"* soft nofile 65535\" \u003e\u003e /etc/security/limits.conf\necho \"* hard nofile 65535\" \u003e\u003e /etc/security/limits.conf\n\nwhile pidof dnf \u003e /dev/null; do sleep 5; done\ndnf update -y \u0026\u0026 dnf install -y python3 python3-pip git\n    \ncd /home/ec2-user \ngit clone https://github.com/Waliguren/practica2_sd.git repo\nmv repo/archivosWorker ./\nrm -rf repo\n    \ncd archivosWorker\n    \n# Añadimos variables de entorno\necho \"export DB_HOST=172.31.25.223\" \u003e\u003e /home/ec2-user/.bashrc\necho \"export RABBITMQ_HOST=172.31.29.134\" \u003e\u003e /home/ec2-user/.bashrc\nexport DB_HOST=172.31.25.223\nexport RABBITMQ_HOST=172.31.29.134\n    \n# INSTALAMOS psycopg2-binary en vez de redis\npython3 -m venv venv \u0026\u0026 venv/bin/pip install psycopg2-binary pika\n    \n# Arrancar API y configurar reinicios con systemd de forma segura (CAMBIADO A DB_HOST y postgres.private_ip)\nsudo bash -c \"echo -e '[Unit]\\nDescription=Indirect Worker\\nAfter=network.target\\n\\n[Service]\\nType=simple\\nUser=ec2-user\\nWorkingDirectory=/home/ec2-user/archivosWorker\\nEnvironment=DB_HOST=172.31.25.223\\nEnvironment=RABBITMQ_HOST=172.31.29.134\\nExecStart=/home/ec2-user/archivosWorker/venv/bin/python3 indirect_worker.py\\nRestart=always\\nRestartSec=5\\nLimitNOFILE=65535\\n\\n[Install]\\nWantedBy=multi-user.target' \u003e /etc/systemd/system/indirect-worker.service\"\nsudo systemctl daemon-reload\nsudo systemctl enable indirect-worker\nsudo systemctl start indirect-worker\n",
            "user_data_base64": null,
            "user_data_replace_on_change": false,
            "volume_tags": null,
            "vpc_security_group_ids": [
              "sg-0193a807235caec2e"
            ]
          },
          "sensitive_attributes": [],
          "identity_schema_version": 0,
          "identity": {
            "account_id": "344602101473",
            "id": "i-03186540cb9128e81",
            "region": "us-east-1"
          },
          "private": "eyJlMmJmYjczMC1lY2FhLTExZTYtOGY4OC0zNDM2M2JjN2M0YzAiOnsiY3JlYXRlIjo2MDAwMDAwMDAwMDAsImRlbGV0ZSI6MTIwMDAwMDAwMDAwMCwicmVhZCI6OTAwMDAwMDAwMDAwLCJ1cGRhdGUiOjYwMDAwMDAwMDAwMH0sInNjaGVtYV92ZXJzaW9uIjoiMiJ9",
          "dependencies": [
            "aws_instance.postgres",
            "aws_instance.rabbitmq",
            "aws_security_group.client_sg",
            "aws_security_group.postgres_sg",
            "aws_security_group.rabbitmq_sg",
            "aws_security_group.worker_sg",
            "data.aws_ami.amazon_linux"
          ]
        },
        {
          "index_key": 1,
          "schema_version": 2,
          "attributes": {
            "ami": "ami-0521cb2d60cfbb1a6",
            "arn": "arn:aws:ec2:us-east-1:344602101473:instance/i-0970696b3ac05f82d",
            "associate_public_ip_address": true,
            "availability_zone": "us-east-1b",
            "capacity_reservation_specification": [
              {
                "capacity_reservation_preference": "open",
                "capacity_reservation_target": []
              }
            ],
            "cpu_options": [
              {
                "amd_sev_snp": "",
                "core_count": 1,
                "nested_virtualization": "",
                "threads_per_core": 2
              }
            ],
            "credit_specification": [
              {
                "cpu_credits": "unlimited"
              }
            ],
            "disable_api_stop": false,
            "disable_api_termination": false,
            "ebs_block_device": [],
            "ebs_optimized": false,
            "enable_primary_ipv6": null,
            "enclave_options": [
              {
                "enabled": false
              }
            ],
            "ephemeral_block_device": [],
            "force_destroy": false,
            "get_password_data": false,
            "hibernation": false,
            "host_id": "",
            "host_resource_group_arn": null,
            "iam_instance_profile": "",
            "id": "i-0970696b3ac05f82d",
            "instance_initiated_shutdown_behavior": "stop",
            "instance_lifecycle": "",
            "instance_market_options": [],
            "instance_state": "running",
            "instance_type": "t3.micro",
            "ipv6_address_count": 0,
            "ipv6_addresses": [],
            "key_name": "clave-rabbitmq-server",
            "launch_template": [],
            "maintenance_options": [
              {
                "auto_recovery": "default"
              }
            ],
            "metadata_options": [
              {
                "http_endpoint": "enabled",
                "http_protocol_ipv6": "disabled",
                "http_put_response_hop_limit": 2,
                "http_tokens": "required",
                "instance_metadata_tags": "disabled"
              }
            ],
            "monitoring": false,
            "network_interface": [],
            "outpost_arn": "",
            "password_data": "",
            "placement_group": "",
            "placement_group_id": "",
            "placement_partition_number": 0,
            "primary_network_interface": [
              {
                "delete_on_termination": true,
                "network_interface_id": "eni-01f11b5a20873a7c8"
              }
            ],
            "primary_network_interface_id": "eni-01f11b5a20873a7c8",
            "private_dns": "ip-172-31-16-41.ec2.internal",
            "private_dns_name_options": [
              {
                "enable_resource_name_dns_a_record": false,
                "enable_resource_name_dns_aaaa_record": false,
                "hostname_type": "ip-name"
              }
            ],
            "private_ip": "172.31.16.41",
            "public_dns": "ec2-34-229-95-25.compute-1.amazonaws.com",
            "public_ip": "34.229.95.25",
            "region": "us-east-1",
            "root_block_device": [
              {
                "delete_on_termination": true,
                "device_name": "/dev/xvda",
                "encrypted": false,
                "iops": 3000,
                "kms_key_id": "",
                "tags": {},
                "tags_all": {},
                "throughput": 125,
                "volume_id": "vol-055d51db33ea04ff4",
                "volume_size": 8,
                "volume_type": "gp3"
              }
            ],
            "secondary_network_interface": [],
            "secondary_private_ips": [],
            "security_groups": [
              "indirect_worker_sg"
            ],
            "source_dest_check": true,
            "spot_instance_request_id": "",
            "subnet_id": "subnet-07d6168b5761a8409",
            "tags": {
              "Name": "Worker-Indirect-2"
            },
            "tags_all": {
              "Name": "Worker-Indirect-2"
            },
            "tenancy": "default",
            "timeouts": null,
            "user_data": "#!/bin/bash\n# Límites de red para los workers\necho \"fs.file-max = 2097152\" \u003e\u003e /etc/sysctl.conf\necho \"net.core.somaxconn = 65535\" \u003e\u003e /etc/sysctl.conf\necho \"net.ipv4.tcp_max_syn_backlog = 65535\" \u003e\u003e /etc/sysctl.conf\necho \"net.ipv4.ip_local_port_range = 1024 65535\" \u003e\u003e /etc/sysctl.conf\nsysctl -p\necho \"* soft nofile 65535\" \u003e\u003e /etc/security/limits.conf\necho \"* hard nofile 65535\" \u003e\u003e /etc/security/limits.conf\n\nwhile pidof dnf \u003e /dev/null; do sleep 5; done\ndnf update -y \u0026\u0026 dnf install -y python3 python3-pip git\n    \ncd /home/ec2-user \ngit clone https://github.com/Waliguren/practica2_sd.git repo\nmv repo/archivosWorker ./\nrm -rf repo\n    \ncd archivosWorker\n    \n# Añadimos variables de entorno\necho \"export DB_HOST=172.31.25.223\" \u003e\u003e /home/ec2-user/.bashrc\necho \"export RABBITMQ_HOST=172.31.29.134\" \u003e\u003e /home/ec2-user/.bashrc\nexport DB_HOST=172.31.25.223\nexport RABBITMQ_HOST=172.31.29.134\n    \n# INSTALAMOS psycopg2-binary en vez de redis\npython3 -m venv venv \u0026\u0026 venv/bin/pip install psycopg2-binary pika\n    \n# Arrancar API y configurar reinicios con systemd de forma segura (CAMBIADO A DB_HOST y postgres.private_ip)\nsudo bash -c \"echo -e '[Unit]\\nDescription=Indirect Worker\\nAfter=network.target\\n\\n[Service]\\nType=simple\\nUser=ec2-user\\nWorkingDirectory=/home/ec2-user/archivosWorker\\nEnvironment=DB_HOST=172.31.25.223\\nEnvironment=RABBITMQ_HOST=172.31.29.134\\nExecStart=/home/ec2-user/archivosWorker/venv/bin/python3 indirect_worker.py\\nRestart=always\\nRestartSec=5\\nLimitNOFILE=65535\\n\\n[Install]\\nWantedBy=multi-user.target' \u003e /etc/systemd/system/indirect-worker.service\"\nsudo systemctl daemon-reload\nsudo systemctl enable indirect-worker\nsudo systemctl start indirect-worker\n",
            "user_data_base64": null,
            "user_data_replace_on_change": false,
            "volume_tags": null,
            "vpc_security_group_ids": [
              "sg-0193a807235caec2e"
            ]
          },
          "sensitive_attributes": [],
          "identity_schema_version": 0,
          "identity": {
            "account_id": "344602101473",
            "id": "i-0970696b3ac05f82d",
            "region": "us-east-1"
          },
          "private": "eyJlMmJmYjczMC1lY2FhLTExZTYtOGY4OC0zNDM2M2JjN2M0YzAiOnsiY3JlYXRlIjo2MDAwMDAwMDAwMDAsImRlbGV0ZSI6MTIwMDAwMDAwMDAwMCwicmVhZCI6OTAwMDAwMDAwMDAwLCJ1cGRhdGUiOjYwMDAwMDAwMDAwMH0sInNjaGVtYV92ZXJzaW9uIjoiMiJ9",
          "dependencies": [
            "aws_instance.postgres",
            "aws_instance.rabbitmq",
            "aws_security_group.client_sg",
            "aws_security_group.postgres_sg",
            "aws_security_group.rabbitmq_sg",
            "aws_security_group.worker_sg",
            "data.aws_ami.amazon_linux"
          ]
        },
        {
          "index_key": 2,
          "schema_version": 2,
          "attributes": {
            "ami": "ami-0521cb2d60cfbb1a6",
            "arn": "arn:aws:ec2:us-east-1:344602101473:instance/i-0e319751ad398400e",
            "associate_public_ip_address": true,
            "availability_zone": "us-east-1b",
            "capacity_reservation_specification": [
              {
                "capacity_reservation_preference": "open",
                "capacity_reservation_target": []
              }
            ],
            "cpu_options": [
              {
                "amd_sev_snp": "",
                "core_count": 1,
                "nested_virtualization": "",
                "threads_per_core": 2
              }
            ],
            "credit_specification": [
              {
                "cpu_credits": "unlimited"
              }
            ],
            "disable_api_stop": false,
            "disable_api_termination": false,
            "ebs_block_device": [],
            "ebs_optimized": false,
            "enable_primary_ipv6": null,
            "enclave_options": [
              {
                "enabled": false
              }
            ],
            "ephemeral_block_device": [],
            "force_destroy": false,
            "get_password_data": false,
            "hibernation": false,
            "host_id": "",
            "host_resource_group_arn": null,
            "iam_instance_profile": "",
            "id": "i-0e319751ad398400e",
            "instance_initiated_shutdown_behavior": "stop",
            "instance_lifecycle": "",
            "instance_market_options": [],
            "instance_state": "running",
            "instance_type": "t3.micro",
            "ipv6_address_count": 0,
            "ipv6_addresses": [],
            "key_name": "clave-rabbitmq-server",
            "launch_template": [],
            "maintenance_options": [
              {
                "auto_recovery": "default"
              }
            ],
            "metadata_options": [
              {
                "http_endpoint": "enabled",
                "http_protocol_ipv6": "disabled",
                "http_put_response_hop_limit": 2,
                "http_tokens": "required",
                "instance_metadata_tags": "disabled"
              }
            ],
            "monitoring": false,
            "network_interface": [],
            "outpost_arn": "",
            "password_data": "",
            "placement_group": "",
            "placement_group_id": "",
            "placement_partition_number": 0,
            "primary_network_interface": [
              {
                "delete_on_termination": true,
                "network_interface_id": "eni-0d92dd61241f94a03"
              }
            ],
            "primary_network_interface_id": "eni-0d92dd61241f94a03",
            "private_dns": "ip-172-31-20-86.ec2.internal",
            "private_dns_name_options": [
              {
                "enable_resource_name_dns_a_record": false,
                "enable_resource_name_dns_aaaa_record": false,
                "hostname_type": "ip-name"
              }
            ],
            "private_ip": "172.31.20.86",
            "public_dns": "ec2-54-152-141-98.compute-1.amazonaws.com",
            "public_ip": "54.152.141.98",
            "region": "us-east-1",
            "root_block_device": [
              {
                "delete_on_termination": true,
                "device_name": "/dev/xvda",
                "encrypted": false,
                "iops": 3000,
                "kms_key_id": "",
                "tags": {},
                "tags_all": {},
                "throughput": 125,
                "volume_id": "vol-036405941d163b850",
                "volume_size": 8,
                "volume_type": "gp3"
              }
            ],
            "secondary_network_interface": [],
            "secondary_private_ips": [],
            "security_groups": [
              "indirect_worker_sg"
            ],
            "source_dest_check": true,
            "spot_instance_request_id": "",
            "subnet_id": "subnet-07d6168b5761a8409",
            "tags": {
              "Name": "Worker-Indirect-3"
            },
            "tags_all": {
              "Name": "Worker-Indirect-3"
            },
            "tenancy": "default",
            "timeouts": null,
            "user_data": "#!/bin/bash\n# Límites de red para los workers\necho \"fs.file-max = 2097152\" \u003e\u003e /etc/sysctl.conf\necho \"net.core.somaxconn = 65535\" \u003e\u003e /etc/sysctl.conf\necho \"net.ipv4.tcp_max_syn_backlog = 65535\" \u003e\u003e /etc/sysctl.conf\necho \"net.ipv4.ip_local_port_range = 1024 65535\" \u003e\u003e /etc/sysctl.conf\nsysctl -p\necho \"* soft nofile 65535\" \u003e\u003e /etc/security/limits.conf\necho \"* hard nofile 65535\" \u003e\u003e /etc/security/limits.conf\n\nwhile pidof dnf \u003e /dev/null; do sleep 5; done\ndnf update -y \u0026\u0026 dnf install -y python3 python3-pip git\n    \ncd /home/ec2-user \ngit clone https://github.com/Waliguren/practica2_sd.git repo\nmv repo/archivosWorker ./\nrm -rf repo\n    \ncd archivosWorker\n    \n# Añadimos variables de entorno\necho \"export DB_HOST=172.31.25.223\" \u003e\u003e /home/ec2-user/.bashrc\necho \"export RABBITMQ_HOST=172.31.29.134\" \u003e\u003e /home/ec2-user/.bashrc\nexport DB_HOST=172.31.25.223\nexport RABBITMQ_HOST=172.31.29.134\n    \n# INSTALAMOS psycopg2-binary en vez de redis\npython3 -m venv venv \u0026\u0026 venv/bin/pip install psycopg2-binary pika\n    \n# Arrancar API y configurar reinicios con systemd de forma segura (CAMBIADO A DB_HOST y postgres.private_ip)\nsudo bash -c \"echo -e '[Unit]\\nDescription=Indirect Worker\\nAfter=network.target\\n\\n[Service]\\nType=simple\\nUser=ec2-user\\nWorkingDirectory=/home/ec2-user/archivosWorker\\nEnvironment=DB_HOST=172.31.25.223\\nEnvironment=RABBITMQ_HOST=172.31.29.134\\nExecStart=/home/ec2-user/archivosWorker/venv/bin/python3 indirect_worker.py\\nRestart=always\\nRestartSec=5\\nLimitNOFILE=65535\\n\\n[Install]\\nWantedBy=multi-user.target' \u003e /etc/systemd/system/indirect-worker.service\"\nsudo systemctl daemon-reload\nsudo systemctl enable indirect-worker\nsudo systemctl start indirect-worker\n",
            "user_data_base64": null,
            "user_data_replace_on_change": false,
            "volume_tags": null,
            "vpc_security_group_ids": [
              "sg-0193a807235caec2e"
            ]
          },
          "sensitive_attributes": [],
          "identity_schema_version": 0,
          "identity": {
            "account_id": "344602101473",
            "id": "i-0e319751ad398400e",
            "region": "us-east-1"
          },
          "private": "eyJlMmJmYjczMC1lY2FhLTExZTYtOGY4OC0zNDM2M2JjN2M0YzAiOnsiY3JlYXRlIjo2MDAwMDAwMDAwMDAsImRlbGV0ZSI6MTIwMDAwMDAwMDAwMCwicmVhZCI6OTAwMDAwMDAwMDAwLCJ1cGRhdGUiOjYwMDAwMDAwMDAwMH0sInNjaGVtYV92ZXJzaW9uIjoiMiJ9",
          "dependencies": [
            "aws_instance.postgres",
            "aws_instance.rabbitmq",
            "aws_security_group.client_sg",
            "aws_security_group.postgres_sg",
            "aws_security_group.rabbitmq_sg",
            "aws_security_group.worker_sg",
            "data.aws_ami.amazon_linux"
          ]
        },
        {
          "index_key": 3,
          "schema_version": 2,
          "attributes": {
            "ami": "ami-0521cb2d60cfbb1a6",
            "arn": "arn:aws:ec2:us-east-1:344602101473:instance/i-0d60043a397afb31a",
            "associate_public_ip_address": true,
            "availability_zone": "us-east-1b",
            "capacity_reservation_specification": [
              {
                "capacity_reservation_preference": "open",
                "capacity_reservation_target": []
              }
            ],
            "cpu_options": [
              {
                "amd_sev_snp": "",
                "core_count": 1,
                "nested_virtualization": "",
                "threads_per_core": 2
              }
            ],
            "credit_specification": [
              {
                "cpu_credits": "unlimited"
              }
            ],
            "disable_api_stop": false,
            "disable_api_termination": false,
            "ebs_block_device": [],
            "ebs_optimized": false,
            "enable_primary_ipv6": null,
            "enclave_options": [
              {
                "enabled": false
              }
            ],
            "ephemeral_block_device": [],
            "force_destroy": false,
            "get_password_data": false,
            "hibernation": false,
            "host_id": "",
            "host_resource_group_arn": null,
            "iam_instance_profile": "",
            "id": "i-0d60043a397afb31a",
            "instance_initiated_shutdown_behavior": "stop",
            "instance_lifecycle": "",
            "instance_market_options": [],
            "instance_state": "running",
            "instance_type": "t3.micro",
            "ipv6_address_count": 0,
            "ipv6_addresses": [],
            "key_name": "clave-rabbitmq-server",
            "launch_template": [],
            "maintenance_options": [
              {
                "auto_recovery": "default"
              }
            ],
            "metadata_options": [
              {
                "http_endpoint": "enabled",
                "http_protocol_ipv6": "disabled",
                "http_put_response_hop_limit": 2,
                "http_tokens": "required",
                "instance_metadata_tags": "disabled"
              }
            ],
            "monitoring": false,
            "network_interface": [],
            "outpost_arn": "",
            "password_data": "",
            "placement_group": "",
            "placement_group_id": "",
            "placement_partition_number": 0,
            "primary_network_interface": [
              {
                "delete_on_termination": true,
                "network_interface_id": "eni-0c6594f847636473e"
              }
            ],
            "primary_network_interface_id": "eni-0c6594f847636473e",
            "private_dns": "ip-172-31-26-116.ec2.internal",
            "private_dns_name_options": [
              {
                "enable_resource_name_dns_a_record": false,
                "enable_resource_name_dns_aaaa_record": false,
                "hostname_type": "ip-name"
              }
            ],
            "private_ip": "172.31.26.116",
            "public_dns": "ec2-54-234-80-226.compute-1.amazonaws.com",
            "public_ip": "54.234.80.226",
            "region": "us-east-1",
            "root_block_device": [
              {
                "delete_on_termination": true,
                "device_name": "/dev/xvda",
                "encrypted": false,
                "iops": 3000,
                "kms_key_id": "",
                "tags": {},
                "tags_all": {},
                "throughput": 125,
                "volume_id": "vol-0aab5924c36538d3e",
                "volume_size": 8,
                "volume_type": "gp3"
              }
            ],
            "secondary_network_interface": [],
            "secondary_private_ips": [],
            "security_groups": [
              "indirect_worker_sg"
            ],
            "source_dest_check": true,
            "spot_instance_request_id": "",
            "subnet_id": "subnet-07d6168b5761a8409",
            "tags": {
              "Name": "Worker-Indirect-4"
            },
            "tags_all": {
              "Name": "Worker-Indirect-4"
            },
            "tenancy": "default",
            "timeouts": null,
            "user_data": "#!/bin/bash\n# Límites de red para los workers\necho \"fs.file-max = 2097152\" \u003e\u003e /etc/sysctl.conf\necho \"net.core.somaxconn = 65535\" \u003e\u003e /etc/sysctl.conf\necho \"net.ipv4.tcp_max_syn_backlog = 65535\" \u003e\u003e /etc/sysctl.conf\necho \"net.ipv4.ip_local_port_range = 1024 65535\" \u003e\u003e /etc/sysctl.conf\nsysctl -p\necho \"* soft nofile 65535\" \u003e\u003e /etc/security/limits.conf\necho \"* hard nofile 65535\" \u003e\u003e /etc/security/limits.conf\n\nwhile pidof dnf \u003e /dev/null; do sleep 5; done\ndnf update -y \u0026\u0026 dnf install -y python3 python3-pip git\n    \ncd /home/ec2-user \ngit clone https://github.com/Waliguren/practica2_sd.git repo\nmv repo/archivosWorker ./\nrm -rf repo\n    \ncd archivosWorker\n    \n# Añadimos variables de entorno\necho \"export DB_HOST=172.31.25.223\" \u003e\u003e /home/ec2-user/.bashrc\necho \"export RABBITMQ_HOST=172.31.29.134\" \u003e\u003e /home/ec2-user/.bashrc\nexport DB_HOST=172.31.25.223\nexport RABBITMQ_HOST=172.31.29.134\n    \n# INSTALAMOS psycopg2-binary en vez de redis\npython3 -m venv venv \u0026\u0026 venv/bin/pip install psycopg2-binary pika\n    \n# Arrancar API y configurar reinicios con systemd de forma segura (CAMBIADO A DB_HOST y postgres.private_ip)\nsudo bash -c \"echo -e '[Unit]\\nDescription=Indirect Worker\\nAfter=network.target\\n\\n[Service]\\nType=simple\\nUser=ec2-user\\nWorkingDirectory=/home/ec2-user/archivosWorker\\nEnvironment=DB_HOST=172.31.25.223\\nEnvironment=RABBITMQ_HOST=172.31.29.134\\nExecStart=/home/ec2-user/archivosWorker/venv/bin/python3 indirect_worker.py\\nRestart=always\\nRestartSec=5\\nLimitNOFILE=65535\\n\\n[Install]\\nWantedBy=multi-user.target' \u003e /etc/systemd/system/indirect-worker.service\"\nsudo systemctl daemon-reload\nsudo systemctl enable indirect-worker\nsudo systemctl start indirect-worker\n",
            "user_data_base64": null,
            "user_data_replace_on_change": false,
            "volume_tags": null,
            "vpc_security_group_ids": [
              "sg-0193a807235caec2e"
            ]
          },
          "sensitive_attributes": [],
          "identity_schema_version": 0,
          "identity": {
            "account_id": "344602101473",
            "id": "i-0d60043a397afb31a",
            "region": "us-east-1"
          },
          "private": "eyJlMmJmYjczMC1lY2FhLTExZTYtOGY4OC0zNDM2M2JjN2M0YzAiOnsiY3JlYXRlIjo2MDAwMDAwMDAwMDAsImRlbGV0ZSI6MTIwMDAwMDAwMDAwMCwicmVhZCI6OTAwMDAwMDAwMDAwLCJ1cGRhdGUiOjYwMDAwMDAwMDAwMH0sInNjaGVtYV92ZXJzaW9uIjoiMiJ9",
          "dependencies": [
            "aws_instance.postgres",
            "aws_instance.rabbitmq",
            "aws_security_group.client_sg",
            "aws_security_group.postgres_sg",
            "aws_security_group.rabbitmq_sg",
            "aws_security_group.worker_sg",
            "data.aws_ami.amazon_linux"
          ]
        }
      ]
    },
    {
      "mode": "managed",
      "type": "aws_security_group",
      "name": "client_sg",
      "provider": "provider[\"registry.terraform.io/hashicorp/aws\"]",
      "instances": [
        {
          "schema_version": 1,
          "attributes": {
            "arn": "arn:aws:ec2:us-east-1:344602101473:security-group/sg-03a8cb41ed76477b3",
            "description": "Managed by Terraform",
            "egress": [
              {
                "cidr_blocks": [
                  "0.0.0.0/0"
                ],
                "description": "",
                "from_port": 0,
                "ipv6_cidr_blocks": [],
                "prefix_list_ids": [],
                "protocol": "-1",
                "security_groups": [],
                "self": false,
                "to_port": 0
              }
            ],
            "id": "sg-03a8cb41ed76477b3",
            "ingress": [
              {
                "cidr_blocks": [
                  "0.0.0.0/0"
                ],
                "description": "",
                "from_port": 22,
                "ipv6_cidr_blocks": [],
                "prefix_list_ids": [],
                "protocol": "tcp",
                "security_groups": [],
                "self": false,
                "to_port": 22
              }
            ],
            "name": "indirect_client_sg",
            "name_prefix": "",
            "owner_id": "344602101473",
            "region": "us-east-1",
            "revoke_rules_on_delete": false,
            "tags": null,
            "tags_all": {},
            "timeouts": null,
            "vpc_id": "vpc-0e8742fafb6f175e7"
          },
          "sensitive_attributes": [],
          "identity_schema_version": 0,
          "identity": {
            "account_id": "344602101473",
            "id": "sg-03a8cb41ed76477b3",
            "region": "us-east-1"
          },
          "private": "eyJlMmJmYjczMC1lY2FhLTExZTYtOGY4OC0zNDM2M2JjN2M0YzAiOnsiY3JlYXRlIjo2MDAwMDAwMDAwMDAsImRlbGV0ZSI6OTAwMDAwMDAwMDAwfSwic2NoZW1hX3ZlcnNpb24iOiIxIn0="
        }
      ]
    },
    {
      "mode": "managed",
      "type": "aws_security_group",
      "name": "postgres_sg",
      "provider": "provider[\"registry.terraform.io/hashicorp/aws\"]",
      "instances": [
        {
          "schema_version": 1,
          "attributes": {
            "arn": "arn:aws:ec2:us-east-1:344602101473:security-group/sg-007fb892e5e2fd7c9",
            "description": "Managed by Terraform",
            "egress": [
              {
                "cidr_blocks": [
                  "0.0.0.0/0"
                ],
                "description": "",
                "from_port": 0,
                "ipv6_cidr_blocks": [],
                "prefix_list_ids": [],
                "protocol": "-1",
                "security_groups": [],
                "self": false,
                "to_port": 0
              }
            ],
            "id": "sg-007fb892e5e2fd7c9",
            "ingress": [
              {
                "cidr_blocks": [
                  "0.0.0.0/0"
                ],
                "description": "",
                "from_port": 22,
                "ipv6_cidr_blocks": [],
                "prefix_list_ids": [],
                "protocol": "tcp",
                "security_groups": [],
                "self": false,
                "to_port": 22
              },
              {
                "cidr_blocks": [],
                "description": "",
                "from_port": 5432,
                "ipv6_cidr_blocks": [],
                "prefix_list_ids": [],
                "protocol": "tcp",
                "security_groups": [
                  "sg-0193a807235caec2e",
                  "sg-03a8cb41ed76477b3"
                ],
                "self": false,
                "to_port": 5432
              }
            ],
            "name": "indirect_postgres_sg",
            "name_prefix": "",
            "owner_id": "344602101473",
            "region": "us-east-1",
            "revoke_rules_on_delete": false,
            "tags": null,
            "tags_all": {},
            "timeouts": null,
            "vpc_id": "vpc-0e8742fafb6f175e7"
          },
          "sensitive_attributes": [],
          "identity_schema_version": 0,
          "identity": {
            "account_id": "344602101473",
            "id": "sg-007fb892e5e2fd7c9",
            "region": "us-east-1"
          },
          "private": "eyJlMmJmYjczMC1lY2FhLTExZTYtOGY4OC0zNDM2M2JjN2M0YzAiOnsiY3JlYXRlIjo2MDAwMDAwMDAwMDAsImRlbGV0ZSI6OTAwMDAwMDAwMDAwfSwic2NoZW1hX3ZlcnNpb24iOiIxIn0=",
          "dependencies": [
            "aws_security_group.client_sg",
            "aws_security_group.worker_sg"
          ]
        }
      ]
    },
    {
      "mode": "managed",
      "type": "aws_security_group",
      "name": "rabbitmq_sg",
      "provider": "provider[\"registry.terraform.io/hashicorp/aws\"]",
      "instances": [
        {
          "schema_version": 1,
          "attributes": {
            "arn": "arn:aws:ec2:us-east-1:344602101473:security-group/sg-053525c7de65a3a73",
            "description": "Managed by Terraform",
            "egress": [
              {
                "cidr_blocks": [
                  "0.0.0.0/0"
                ],
                "description": "",
                "from_port": 0,
                "ipv6_cidr_blocks": [],
                "prefix_list_ids": [],
                "protocol": "-1",
                "security_groups": [],
                "self": false,
                "to_port": 0
              }
            ],
            "id": "sg-053525c7de65a3a73",
            "ingress": [
              {
                "cidr_blocks": [
                  "0.0.0.0/0"
                ],
                "description": "",
                "from_port": 15672,
                "ipv6_cidr_blocks": [],
                "prefix_list_ids": [],
                "protocol": "tcp",
                "security_groups": [],
                "self": false,
                "to_port": 15672
              },
              {
                "cidr_blocks": [
                  "0.0.0.0/0"
                ],
                "description": "",
                "from_port": 22,
                "ipv6_cidr_blocks": [],
                "prefix_list_ids": [],
                "protocol": "tcp",
                "security_groups": [],
                "self": false,
                "to_port": 22
              },
              {
                "cidr_blocks": [
                  "0.0.0.0/0"
                ],
                "description": "",
                "from_port": 5672,
                "ipv6_cidr_blocks": [],
                "prefix_list_ids": [],
                "protocol": "tcp",
                "security_groups": [],
                "self": false,
                "to_port": 5672
              }
            ],
            "name": "indirect_rabbitmq_sg",
            "name_prefix": "",
            "owner_id": "344602101473",
            "region": "us-east-1",
            "revoke_rules_on_delete": false,
            "tags": null,
            "tags_all": {},
            "timeouts": null,
            "vpc_id": "vpc-0e8742fafb6f175e7"
          },
          "sensitive_attributes": [],
          "identity_schema_version": 0,
          "identity": {
            "account_id": "344602101473",
            "id": "sg-053525c7de65a3a73",
            "region": "us-east-1"
          },
          "private": "eyJlMmJmYjczMC1lY2FhLTExZTYtOGY4OC0zNDM2M2JjN2M0YzAiOnsiY3JlYXRlIjo2MDAwMDAwMDAwMDAsImRlbGV0ZSI6OTAwMDAwMDAwMDAwfSwic2NoZW1hX3ZlcnNpb24iOiIxIn0="
        }
      ]
    },
    {
      "mode": "managed",
      "type": "aws_security_group",
      "name": "worker_sg",
      "provider": "provider[\"registry.terraform.io/hashicorp/aws\"]",
      "instances": [
        {
          "schema_version": 1,
          "attributes": {
            "arn": "arn:aws:ec2:us-east-1:344602101473:security-group/sg-0193a807235caec2e",
            "description": "Managed by Terraform",
            "egress": [
              {
                "cidr_blocks": [
                  "0.0.0.0/0"
                ],
                "description": "",
                "from_port": 0,
                "ipv6_cidr_blocks": [],
                "prefix_list_ids": [],
                "protocol": "-1",
                "security_groups": [],
                "self": false,
                "to_port": 0
              }
            ],
            "id": "sg-0193a807235caec2e",
            "ingress": [
              {
                "cidr_blocks": [
                  "0.0.0.0/0"
                ],
                "description": "",
                "from_port": 22,
                "ipv6_cidr_blocks": [],
                "prefix_list_ids": [],
                "protocol": "tcp",
                "security_groups": [],
                "self": false,
                "to_port": 22
              }
            ],
            "name": "indirect_worker_sg",
            "name_prefix": "",
            "owner_id": "344602101473",
            "region": "us-east-1",
            "revoke_rules_on_delete": false,
            "tags": null,
            "tags_all": {},
            "timeouts": null,
            "vpc_id": "vpc-0e8742fafb6f175e7"
          },
          "sensitive_attributes": [],
          "identity_schema_version": 0,
          "identity": {
            "account_id": "344602101473",
            "id": "sg-0193a807235caec2e",
            "region": "us-east-1"
          },
          "private": "eyJlMmJmYjczMC1lY2FhLTExZTYtOGY4OC0zNDM2M2JjN2M0YzAiOnsiY3JlYXRlIjo2MDAwMDAwMDAwMDAsImRlbGV0ZSI6OTAwMDAwMDAwMDAwfSwic2NoZW1hX3ZlcnNpb24iOiIxIn0="
        }
      ]
    }
  ],
  "check_results": null
}
